
Microsoft Visual Studio Solution File, Format Version 12.00
# Visual Studio Version 17
VisualStudioVersion = 17.12.35527.113 d17.12
MinimumVisualStudioVersion = 10.0.40219.1
Project("{FAE04EC0-301F-11D3-BF4B-00C04F79EFBC}") = "Kharagny_Backend", "Kharagny_Backend\Kharagny_Backend.csproj", "{BAA08B76-EDD9-4F83-8BE6-1F99F8EF984D}"
EndProject
Global
	GlobalSection(SolutionConfigurationPlatforms) = preSolution
		Debug|Any CPU = Debug|Any CPU
		Release|Any CPU = Release|Any CPU
	EndGlobalSection
	GlobalSection(ProjectConfigurationPlatforms) = postSolution
		{BAA08B76-EDD9-4F83-8BE6-1F99F8EF984D}.Debug|Any CPU.ActiveCfg = Debug|Any CPU
		{BAA08B76-EDD9-4F83-8BE6-1F99F8EF984D}.Debug|Any CPU.Build.0 = Debug|Any CPU
		{BAA08B76-EDD9-4F83-8BE6-1F99F8EF984D}.Release|Any CPU.ActiveCfg = Release|Any CPU
		{BAA08B76-EDD9-4F83-8BE6-1F99F8EF984D}.Release|Any CPU.Build.0 = Release|Any CPU
	EndGlobalSection
	GlobalSection(SolutionProperties) = preSolution
		HideSolutionNode = FALSE
	EndGlobalSection
EndGlobal
